
Microsoft Visual Studio Solution File, Format Version 12.00
# Visual Studio Version 17
VisualStudioVersion = 17.6.33723.286
MinimumVisualStudioVersion = 10.0.40219.1
Project("{9A19103F-16F7-4668-BE54-9A1E7A4F7556}") = "UserLibary", "Libary\UserLibary.csproj", "{9ABB602F-8CA5-4416-B575-D536DCA20579}"
EndProject
Project("{9A19103F-16F7-4668-BE54-9A1E7A4F7556}") = "Service", "Service\Service.csproj", "{FB554295-F67F-4CC6-8FDD-8A43B9417A95}"
EndProject
Project("{9A19103F-16F7-4668-BE54-9A1E7A4F7556}") = "DataService", "DataService\DataService.csproj", "{A0C9CCD0-F20E-4721-A8AB-C349EC7FDC58}"
EndProject
Project("{9A19103F-16F7-4668-BE54-9A1E7A4F7556}") = "AdminLibary", "AdminLibary\AdminLibary.csproj", "{45E583EF-C01D-421D-99DB-9295A3B8B0F0}"
EndProject
Global
	GlobalSection(SolutionConfigurationPlatforms) = preSolution
		Debug|Any CPU = Debug|Any CPU
		Release|Any CPU = Release|Any CPU
	EndGlobalSection
	GlobalSection(ProjectConfigurationPlatforms) = postSolution
		{9ABB602F-8CA5-4416-B575-D536DCA20579}.Debug|Any CPU.ActiveCfg = Debug|Any CPU
		{9ABB602F-8CA5-4416-B575-D536DCA20579}.Debug|Any CPU.Build.0 = Debug|Any CPU
		{9ABB602F-8CA5-4416-B575-D536DCA20579}.Release|Any CPU.ActiveCfg = Release|Any CPU
		{9ABB602F-8CA5-4416-B575-D536DCA20579}.Release|Any CPU.Build.0 = Release|Any CPU
		{FB554295-F67F-4CC6-8FDD-8A43B9417A95}.Debug|Any CPU.ActiveCfg = Debug|Any CPU
		{FB554295-F67F-4CC6-8FDD-8A43B9417A95}.Debug|Any CPU.Build.0 = Debug|Any CPU
		{FB554295-F67F-4CC6-8FDD-8A43B9417A95}.Release|Any CPU.ActiveCfg = Release|Any CPU
		{FB554295-F67F-4CC6-8FDD-8A43B9417A95}.Release|Any CPU.Build.0 = Release|Any CPU
		{A0C9CCD0-F20E-4721-A8AB-C349EC7FDC58}.Debug|Any CPU.ActiveCfg = Debug|Any CPU
		{A0C9CCD0-F20E-4721-A8AB-C349EC7FDC58}.Debug|Any CPU.Build.0 = Debug|Any CPU
		{A0C9CCD0-F20E-4721-A8AB-C349EC7FDC58}.Release|Any CPU.ActiveCfg = Release|Any CPU
		{A0C9CCD0-F20E-4721-A8AB-C349EC7FDC58}.Release|Any CPU.Build.0 = Release|Any CPU
		{45E583EF-C01D-421D-99DB-9295A3B8B0F0}.Debug|Any CPU.ActiveCfg = Debug|Any CPU
		{45E583EF-C01D-421D-99DB-9295A3B8B0F0}.Debug|Any CPU.Build.0 = Debug|Any CPU
		{45E583EF-C01D-421D-99DB-9295A3B8B0F0}.Release|Any CPU.ActiveCfg = Release|Any CPU
		{45E583EF-C01D-421D-99DB-9295A3B8B0F0}.Release|Any CPU.Build.0 = Release|Any CPU
	EndGlobalSection
	GlobalSection(SolutionProperties) = preSolution
		HideSolutionNode = FALSE
	EndGlobalSection
	GlobalSection(ExtensibilityGlobals) = postSolution
		SolutionGuid = {C36E4591-2B5D-4E58-96E1-54E4D7276403}
	EndGlobalSection
EndGlobal
